// !$*UTF8*$!
{
	archiveVersion = 1;
	classes = {
	};
	objectVersion = 46;
	objects = {

/* Begin PBXBuildFile section */
		61013BC61B2D41890092E87A /* AppDelegate.swift in Sources */ = {isa = PBXBuildFile; fileRef = 61013BC51B2D41890092E87A /* AppDelegate.swift */; };
		61013BC81B2D41890092E87A /* ViewController.swift in Sources */ = {isa = PBXBuildFile; fileRef = 61013BC71B2D41890092E87A /* ViewController.swift */; };
		61013BCB1B2D41890092E87A /* Main.storyboard in Resources */ = {isa = PBXBuildFile; fileRef = 61013BC91B2D41890092E87A /* Main.storyboard */; };
		61013BCD1B2D41890092E87A /* Images.xcassets in Resources */ = {isa = PBXBuildFile; fileRef = 61013BCC1B2D41890092E87A /* Images.xcassets */; };
		61013BD01B2D41890092E87A /* LaunchScreen.xib in Resources */ = {isa = PBXBuildFile; fileRef = 61013BCE1B2D41890092E87A /* LaunchScreen.xib */; };
		61013BDC1B2D41890092E87A /* ClapTests.swift in Sources */ = {isa = PBXBuildFile; fileRef = 61013BDB1B2D41890092E87A /* ClapTests.swift */; };
		61013BE61B2D41C10092E87A /* AVFoundation.framework in Frameworks */ = {isa = PBXBuildFile; fileRef = 61013BE51B2D41C10092E87A /* AVFoundation.framework */; };
		617468401B2D5A6D0037902E /* clap-button.png in Resources */ = {isa = PBXBuildFile; fileRef = 6174683D1B2D5A6D0037902E /* clap-button.png */; };
		617468411B2D5A6D0037902E /* clap.wav in Resources */ = {isa = PBXBuildFile; fileRef = 6174683E1B2D5A6D0037902E /* clap.wav */; };
		617468421B2D5A6D0037902E /* icon.png in Resources */ = {isa = PBXBuildFile; fileRef = 6174683F1B2D5A6D0037902E /* icon.png */; };
/* End PBXBuildFile section */

/* Begin PBXContainerItemProxy section */
		61013BD61B2D41890092E87A /* PBXContainerItemProxy */ = {
			isa = PBXContainerItemProxy;
			containerPortal = 61013BB81B2D41890092E87A /* Project object */;
			proxyType = 1;
			remoteGlobalIDString = 61013BBF1B2D41890092E87A;
			remoteInfo = Clap;
		};
/* End PBXContainerItemProxy section */

/* Begin PBXFileReference section */
		61013BC01B2D41890092E87A /* Clap.app */ = {isa = PBXFileReference; explicitFileType = wrapper.application; includeInIndex = 0; path = Clap.app; sourceTree = BUILT_PRODUCTS_DIR; };
		61013BC41B2D41890092E87A /* Info.plist */ = {isa = PBXFileReference; lastKnownFileType = text.plist.xml; path = Info.plist; sourceTree = "<group>"; };
		61013BC51B2D41890092E87A /* AppDelegate.swift */ = {isa = PBXFileReference; lastKnownFileType = sourcecode.swift; path = AppDelegate.swift; sourceTree = "<group>"; };
		61013BC71B2D41890092E87A /* ViewController.swift */ = {isa = PBXFileReference; lastKnownFileType = sourcecode.swift; path = ViewController.swift; sourceTree = "<group>"; };
		61013BCA1B2D41890092E87A /* Base */ = {isa = PBXFileReference; lastKnownFileType = file.storyboard; name = Base; path = Base.lproj/Main.storyboard; sourceTree = "<group>"; };
		61013BCC1B2D41890092E87A /* Images.xcassets */ = {isa = PBXFileReference; lastKnownFileType = folder.assetcatalog; path = Images.xcassets; sourceTree = "<group>"; };
		61013BCF1B2D41890092E87A /* Base */ = {isa = PBXFileReference; lastKnownFileType = file.xib; name = Base; path = Base.lproj/LaunchScreen.xib; sourceTree = "<group>"; };
		61013BD51B2D41890092E87A /* ClapTests.xctest */ = {isa = PBXFileReference; explicitFileType = wrapper.cfbundle; includeInIndex = 0; path = ClapTests.xctest; sourceTree = BUILT_PRODUCTS_DIR; };
		61013BDA1B2D41890092E87A /* Info.plist */ = {isa = PBXFileReference; lastKnownFileType = text.plist.xml; path = Info.plist; sourceTree = "<group>"; };
		61013BDB1B2D41890092E87A /* ClapTests.swift */ = {isa = PBXFileReference; lastKnownFileType = sourcecode.swift; path = ClapTests.swift; sourceTree = "<group>"; };
		61013BE51B2D41C10092E87A /* AVFoundation.framework */ = {isa = PBXFileReference; lastKnownFileType = wrapper.framework; name = AVFoundation.framework; path = System/Library/Frameworks/AVFoundation.framework; sourceTree = SDKROOT; };
		6174683D1B2D5A6D0037902E /* clap-button.png */ = {isa = PBXFileReference; lastKnownFileType = image.png; path = "clap-button.png"; sourceTree = "<group>"; };
		6174683E1B2D5A6D0037902E /* clap.wav */ = {isa = PBXFileReference; lastKnownFileType = audio.wav; path = clap.wav; sourceTree = "<group>"; };
		6174683F1B2D5A6D0037902E /* icon.png */ = {isa = PBXFileReference; lastKnownFileType = image.png; path = icon.png; sourceTree = "<group>"; };
/* End PBXFileReference section */

/* Begin PBXFrameworksBuildPhase section */
		61013BBD1B2D41890092E87A /* Frameworks */ = {
			isa = PBXFrameworksBuildPhase;
			buildActionMask = 2147483647;
			files = (
				61013BE61B2D41C10092E87A /* AVFoundation.framework in Frameworks */,
			);
			runOnlyForDeploymentPostprocessing = 0;
		};
		61013BD21B2D41890092E87A /* Frameworks */ = {
			isa = PBXFrameworksBuildPhase;
			buildActionMask = 2147483647;
			files = (
			);
			runOnlyForDeploymentPostprocessing = 0;
		};
/* End PBXFrameworksBuildPhase section */

/* Begin PBXGroup section */
		61013BB71B2D41890092E87A = {
			isa = PBXGroup;
			children = (
				61013BE51B2D41C10092E87A /* AVFoundation.framework */,
				61013BC21B2D41890092E87A /* Clap */,
				61013BD81B2D41890092E87A /* ClapTests */,
				61013BC11B2D41890092E87A /* Products */,
			);
			sourceTree = "<group>";
		};
		61013BC11B2D41890092E87A /* Products */ = {
			isa = PBXGroup;
			children = (
				61013BC01B2D41890092E87A /* Clap.app */,
				61013BD51B2D41890092E87A /* ClapTests.xctest */,
			);
			name = Products;
			sourceTree = "<group>";
		};
		61013BC21B2D41890092E87A /* Clap */ = {
			isa = PBXGroup;
			children = (
				6174683D1B2D5A6D0037902E /* clap-button.png */,
				6174683E1B2D5A6D0037902E /* clap.wav */,
				6174683F1B2D5A6D0037902E /* icon.png */,
				61013BC51B2D41890092E87A /* AppDelegate.swift */,
				61013BC71B2D41890092E87A /* ViewController.swift */,
				61013BC91B2D41890092E87A /* Main.storyboard */,
				61013BCC1B2D41890092E87A /* Images.xcassets */,
				61013BCE1B2D41890092E87A /* LaunchScreen.xib */,
				61013BC31B2D41890092E87A /* Supporting Files */,
			);
			path = Clap;
			sourceTree = "<group>";
		};
		61013BC31B2D41890092E87A /* Supporting Files */ = {
			isa = PBXGroup;
			children = (
				61013BC41B2D41890092E87A /* Info.plist */,
			);
			name = "Supporting Files";
			sourceTree = "<group>";
		};
		61013BD81B2D41890092E87A /* ClapTests */ = {
			isa = PBXGroup;
			children = (
				61013BDB1B2D41890092E87A /* ClapTests.swift */,
				61013BD91B2D41890092E87A /* Supporting Files */,
			);
			path = ClapTests;
			sourceTree = "<group>";
		};
		61013BD91B2D41890092E87A /* Supporting Files */ = {
			isa = PBXGroup;
			children = (
				61013BDA1B2D41890092E87A /* Info.plist */,
			);
			name = "Supporting Files";
			sourceTree = "<group>";
		};
/* End PBXGroup section */

/* Begin PBXNativeTarget section */
		61013BBF1B2D41890092E87A /* Clap */ = {
			isa = PBXNativeTarget;
			buildConfigurationList = 61013BDF1B2D41890092E87A /* Build configuration list for PBXNativeTarget "Clap" */;
			buildPhases = (
				61013BBC1B2D41890092E87A /* Sources */,
				61013BBD1B2D41890092E87A /* Frameworks */,
				61013BBE1B2D41890092E87A /* Resources */,
			);
			buildRules = (
			);
			dependencies = (
			);
			name = Clap;
			productName = Clap;
			productReference = 61013BC01B2D41890092E87A /* Clap.app */;
			productType = "com.apple.product-type.application";
		};
		61013BD41B2D41890092E87A /* ClapTests */ = {
			isa = PBXNativeTarget;
			buildConfigurationList = 61013BE21B2D41890092E87A /* Build configuration list for PBXNativeTarget "ClapTests" */;
			buildPhases = (
				61013BD11B2D41890092E87A /* Sources */,
				61013BD21B2D41890092E87A /* Frameworks */,
				61013BD31B2D41890092E87A /* Resources */,
			);
			buildRules = (
			);
			dependencies = (
				61013BD71B2D41890092E87A /* PBXTargetDependency */,
			);
			name = ClapTests;
			productName = ClapTests;
			productReference = 61013BD51B2D41890092E87A /* ClapTests.xctest */;
			productType = "com.apple.product-type.bundle.unit-test";
		};
/* End PBXNativeTarget section */

/* Begin PBXProject section */
		61013BB81B2D41890092E87A /* Project object */ = {
			isa = PBXProject;
			attributes = {
				LastUpgradeCheck = 0630;
				ORGANIZATIONNAME = "yuki takei";
				TargetAttributes = {
					61013BBF1B2D41890092E87A = {
						CreatedOnToolsVersion = 6.3.1;
					};
					61013BD41B2D41890092E87A = {
						CreatedOnToolsVersion = 6.3.1;
						TestTargetID = 61013BBF1B2D41890092E87A;
					};
				};
			};
			buildConfigurationList = 61013BBB1B2D41890092E87A /* Build configuration list for PBXProject "Clap" */;
			compatibilityVersion = "Xcode 3.2";
			developmentRegion = English;
			hasScannedForEncodings = 0;
			knownRegions = (
				en,
				Base,
			);
			mainGroup = 61013BB71B2D41890092E87A;
			productRefGroup = 61013BC11B2D41890092E87A /* Products */;
			projectDirPath = "";
			projectRoot = "";
			targets = (
				61013BBF1B2D41890092E87A /* Clap */,
				61013BD41B2D41890092E87A /* ClapTests */,
			);
		};
/* End PBXProject section */

/* Begin PBXResourcesBuildPhase section */
		61013BBE1B2D41890092E87A /* Resources */ = {
			isa = PBXResourcesBuildPhase;
			buildActionMask = 2147483647;
			files = (
				617468411B2D5A6D0037902E /* clap.wav in Resources */,
				61013BCB1B2D41890092E87A /* Main.storyboard in Resources */,
				617468421B2D5A6D0037902E /* icon.png in Resources */,
				61013BD01B2D41890092E87A /* LaunchScreen.xib in Resources */,
				61013BCD1B2D41890092E87A /* Images.xcassets in Resources */,
				617468401B2D5A6D0037902E /* clap-button.png in Resources */,
			);
			runOnlyForDeploymentPostprocessing = 0;
		};
		61013BD31B2D41890092E87A /* Resources */ = {
			isa = PBXResourcesBuildPhase;
			buildActionMask = 2147483647;
			files = (
			);
			runOnlyForDeploymentPostprocessing = 0;
		};
/* End PBXResourcesBuildPhase section */

/* Begin PBXSourcesBuildPhase section */
		61013BBC1B2D41890092E87A /* Sources */ = {
			isa = PBXSourcesBuildPhase;
			buildActionMask = 2147483647;
			files = (
				61013BC81B2D41890092E87A /* ViewController.swift in Sources */,
				61013BC61B2D41890092E87A /* AppDelegate.swift in Sources */,
			);
			runOnlyForDeploymentPostprocessing = 0;
		};
		61013BD11B2D41890092E87A /* Sources */ = {
			isa = PBXSourcesBuildPhase;
			buildActionMask = 2147483647;
			files = (
				61013BDC1B2D41890092E87A /* ClapTests.swift in Sources */,
			);
			runOnlyForDeploymentPostprocessing = 0;
		};
/* End PBXSourcesBuildPhase section */

/* Begin PBXTargetDependency section */
		61013BD71B2D41890092E87A /* PBXTargetDependency */ = {
			isa = PBXTargetDependency;
			target = 61013BBF1B2D41890092E87A /* Clap */;
			targetProxy = 61013BD61B2D41890092E87A /* PBXContainerItemProxy */;
		};
/* End PBXTargetDependency section */

/* Begin PBXVariantGroup section */
		61013BC91B2D41890092E87A /* Main.storyboard */ = {
			isa = PBXVariantGroup;
			children = (
				61013BCA1B2D41890092E87A /* Base */,
			);
			name = Main.storyboard;
			sourceTree = "<group>";
		};
		61013BCE1B2D41890092E87A /* LaunchScreen.xib */ = {
			isa = PBXVariantGroup;
			children = (
				61013BCF1B2D41890092E87A /* Base */,
			);
			name = LaunchScreen.xib;
			sourceTree = "<group>";
		};
/* End PBXVariantGroup section */

/* Begin XCBuildConfiguration section */
		61013BDD1B2D41890092E87A /* Debug */ = {
			isa = XCBuildConfiguration;
			buildSettings = {
				ALWAYS_SEARCH_USER_PATHS = NO;
				CLANG_CXX_LANGUAGE_STANDARD = "gnu++0x";
				CLANG_CXX_LIBRARY = "libc++";
				CLANG_ENABLE_MODULES = YES;
				CLANG_ENABLE_OBJC_ARC = YES;
				CLANG_WARN_BOOL_CONVERSION = YES;
				CLANG_WARN_CONSTANT_CONVERSION = YES;
				CLANG_WARN_DIRECT_OBJC_ISA_USAGE = YES_ERROR;
				CLANG_WARN_EMPTY_BODY = YES;
				CLANG_WARN_ENUM_CONVERSION = YES;
				CLANG_WARN_INT_CONVERSION = YES;
				CLANG_WARN_OBJC_ROOT_CLASS = YES_ERROR;
				CLANG_WARN_UNREACHABLE_CODE = YES;
				CLANG_WARN__DUPLICATE_METHOD_MATCH = YES;
				"CODE_SIGN_IDENTITY[sdk=iphoneos*]" = "iPhone Developer";
				COPY_PHASE_STRIP = NO;
				DEBUG_INFORMATION_FORMAT = "dwarf-with-dsym";
				ENABLE_STRICT_OBJC_MSGSEND = YES;
				GCC_C_LANGUAGE_STANDARD = gnu99;
				GCC_DYNAMIC_NO_PIC = NO;
				GCC_NO_COMMON_BLOCKS = YES;
				GCC_OPTIMIZATION_LEVEL = 0;
				GCC_PREPROCESSOR_DEFINITIONS = (
					"DEBUG=1",
					"$(inherited)",
				);
				GCC_SYMBOLS_PRIVATE_EXTERN = NO;
				GCC_WARN_64_TO_32_BIT_CONVERSION = YES;
				GCC_WARN_ABOUT_RETURN_TYPE = YES_ERROR;
				GCC_WARN_UNDECLARED_SELECTOR = YES;
				GCC_WARN_UNINITIALIZED_AUTOS = YES_AGGRESSIVE;
				GCC_WARN_UNUSED_FUNCTION = YES;
				GCC_WARN_UNUSED_VARIABLE = YES;
				IPHONEOS_DEPLOYMENT_TARGET = 8.3;
				MTL_ENABLE_DEBUG_INFO = YES;
				ONLY_ACTIVE_ARCH = YES;
				SDKROOT = iphoneos;
				SWIFT_OPTIMIZATION_LEVEL = "-Onone";
			};
			name = Debug;
		};
		61013BDE1B2D41890092E87A /* Release */ = {
			isa = XCBuildConfiguration;
			buildSettings = {
				ALWAYS_SEARCH_USER_PATHS = NO;
				CLANG_CXX_LANGUAGE_STANDARD = "gnu++0x";
				CLANG_CXX_LIBRARY = "libc++";
				CLANG_ENABLE_MODULES = YES;
				CLANG_ENABLE_OBJC_ARC = YES;
				CLANG_WARN_BOOL_CONVERSION = YES;
				CLANG_WARN_CONSTANT_CONVERSION = YES;
				CLANG_WARN_DIRECT_OBJC_ISA_USAGE = YES_ERROR;
				CLANG_WARN_EMPTY_BODY = YES;
				CLANG_WARN_ENUM_CONVERSION = YES;
				CLANG_WARN_INT_CONVERSION = YES;
				CLANG_WARN_OBJC_ROOT_CLASS = YES_ERROR;
				CLANG_WARN_UNREACHABLE_CODE = YES;
				CLANG_WARN__DUPLICATE_METHOD_MATCH = YES;
				"CODE_SIGN_IDENTITY[sdk=iphoneos*]" = "iPhone Developer";
				COPY_PHASE_STRIP = NO;
				DEBUG_INFORMATION_FORMAT = "dwarf-with-dsym";
				ENABLE_NS_ASSERTIONS = NO;
				ENABLE_STRICT_OBJC_MSGSEND = YES;
				GCC_C_LANGUAGE_STANDARD = gnu99;
				GCC_NO_COMMON_BLOCKS = YES;
				GCC_WARN_64_TO_32_BIT_CONVERSION = YES;
				GCC_WARN_ABOUT_RETURN_TYPE = YES_ERROR;
				GCC_WARN_UNDECLARED_SELECTOR = YES;
				GCC_WARN_UNINITIALIZED_AUTOS = YES_AGGRESSIVE;
				GCC_WARN_UNUSED_FUNCTION = YES;
				GCC_WARN_UNUSED_VARIABLE = YES;
				IPHONEOS_DEPLOYMENT_TARGET = 8.3;
				MTL_ENABLE_DEBUG_INFO = NO;
				SDKROOT = iphoneos;
				VALIDATE_PRODUCT = YES;
			};
			name = Release;
		};
		61013BE01B2D41890092E87A /* Debug */ = {
			isa = XCBuildConfiguration;
			buildSettings = {
				ASSETCATALOG_COMPILER_APPICON_NAME = AppIcon;
				INFOPLIST_FILE = Clap/Info.plist;
				LD_RUNPATH_SEARCH_PATHS = "$(inherited) @executable_path/Frameworks";
				PRODUCT_NAME = "$(TARGET_NAME)";
			};
			name = Debug;
		};
		61013BE11B2D41890092E87A /* Release */ = {
			isa = XCBuildConfiguration;
			buildSettings = {
				ASSETCATALOG_COMPILER_APPICON_NAME = AppIcon;
				INFOPLIST_FILE = Clap/Info.plist;
				LD_RUNPATH_SEARCH_PATHS = "$(inherited) @executable_path/Frameworks";
				PRODUCT_NAME = "$(TARGET_NAME)";
			};
			name = Release;
		};
		61013BE31B2D41890092E87A /* Debug */ = {
			isa = XCBuildConfiguration;
			buildSettings = {
				BUNDLE_LOADER = "$(TEST_HOST)";
				FRAMEWORK_SEARCH_PATHS = (
					"$(SDKROOT)/Developer/Library/Frameworks",
					"$(inherited)",
				);
				GCC_PREPROCESSOR_DEFINITIONS = (
					"DEBUG=1",
					"$(inherited)",
				);
				INFOPLIST_FILE = ClapTests/Info.plist;
				LD_RUNPATH_SEARCH_PATHS = "$(inherited) @executable_path/Frameworks @loader_path/Frameworks";
				PRODUCT_NAME = "$(TARGET_NAME)";
				TEST_HOST = "$(BUILT_PRODUCTS_DIR)/Clap.app/Clap";
			};
			name = Debug;
		};
		61013BE41B2D41890092E87A /* Release */ = {
			isa = XCBuildConfiguration;
			buildSettings = {
				BUNDLE_LOADER = "$(TEST_HOST)";
				FRAMEWORK_SEARCH_PATHS = (
					"$(SDKROOT)/Developer/Library/Frameworks",
					"$(inherited)",
				);
				INFOPLIST_FILE = ClapTests/Info.plist;
				LD_RUNPATH_SEARCH_PATHS = "$(inherited) @executable_path/Frameworks @loader_path/Frameworks";
				PRODUCT_NAME = "$(TARGET_NAME)";
				TEST_HOST = "$(BUILT_PRODUCTS_DIR)/Clap.app/Clap";
			};
			name = Release;
		};
/* End XCBuildConfiguration section */

/* Begin XCConfigurationList section */
		61013BBB1B2D41890092E87A /* Build configuration list for PBXProject "Clap" */ = {
			isa = XCConfigurationList;
			buildConfigurations = (
				61013BDD1B2D41890092E87A /* Debug */,
				61013BDE1B2D41890092E87A /* Release */,
			);
			defaultConfigurationIsVisible = 0;
			defaultConfigurationName = Release;
		};
		61013BDF1B2D41890092E87A /* Build configuration list for PBXNativeTarget "Clap" */ = {
			isa = XCConfigurationList;
			buildConfigurations = (
				61013BE01B2D41890092E87A /* Debug */,
				61013BE11B2D41890092E87A /* Release */,
			);
			defaultConfigurationIsVisible = 0;
			defaultConfigurationName = Release;
		};
		61013BE21B2D41890092E87A /* Build configuration list for PBXNativeTarget "ClapTests" */ = {
			isa = XCConfigurationList;
			buildConfigurations = (
				61013BE31B2D41890092E87A /* Debug */,
				61013BE41B2D41890092E87A /* Release */,
			);
			defaultConfigurationIsVisible = 0;
			defaultConfigurationName = Release;
		};
/* End XCConfigurationList section */
	};
	rootObject = 61013BB81B2D41890092E87A /* Project object */;
}
